
Microsoft Visual Studio Solution File, Format Version 12.00
# Visual Studio Version 16
VisualStudioVersion = 16.0.32126.315
MinimumVisualStudioVersion = 10.0.40219.1
Project("{FAE04EC0-301F-11D3-BF4B-00C04F79EFBC}") = "pathfinding", "pathfinding\pathfinding.csproj", "{EC4AF3EF-EB61-47C3-A26D-9CE6593194FE}"
EndProject
Global
	GlobalSection(SolutionConfigurationPlatforms) = preSolution
		Debug|Any CPU = Debug|Any CPU
		Release|Any CPU = Release|Any CPU
	EndGlobalSection
	GlobalSection(ProjectConfigurationPlatforms) = postSolution
		{EC4AF3EF-EB61-47C3-A26D-9CE6593194FE}.Debug|Any CPU.ActiveCfg = Debug|Any CPU
		{EC4AF3EF-EB61-47C3-A26D-9CE6593194FE}.Debug|Any CPU.Build.0 = Debug|Any CPU
		{EC4AF3EF-EB61-47C3-A26D-9CE6593194FE}.Release|Any CPU.ActiveCfg = Release|Any CPU
		{EC4AF3EF-EB61-47C3-A26D-9CE6593194FE}.Release|Any CPU.Build.0 = Release|Any CPU
	EndGlobalSection
	GlobalSection(SolutionProperties) = preSolution
		HideSolutionNode = FALSE
	EndGlobalSection
	GlobalSection(ExtensibilityGlobals) = postSolution
		SolutionGuid = {8C31D839-2C9D-44B2-9A7F-F9787020DBEF}
	EndGlobalSection
EndGlobal
